
Microsoft Visual Studio Solution File, Format Version 12.00
# Visual Studio Version 17
VisualStudioVersion = 17.2.32630.192
MinimumVisualStudioVersion = 10.0.40219.1
Project("{9A19103F-16F7-4668-BE54-9A1E7A4F7556}") = "OnlineShop", "OnlineShop\OnlineShop.csproj", "{AEA6DC87-F669-4145-8B0C-847C25914745}"
EndProject
Project("{9A19103F-16F7-4668-BE54-9A1E7A4F7556}") = "OnlineShop.DAL", "OnlineShop.DataBase\OnlineShop.DAL.csproj", "{5D501D0B-FD62-4B7D-8893-65AAA82377F0}"
EndProject
Project("{9A19103F-16F7-4668-BE54-9A1E7A4F7556}") = "OnlineShop.API", "OnlineShop.API\OnlineShop.API.csproj", "{2C5A428B-A0EE-459E-BAC2-605D249EE516}"
EndProject
Project("{9A19103F-16F7-4668-BE54-9A1E7A4F7556}") = "OnlineShop.APP", "OnlineShop.APP\OnlineShop.APP.csproj", "{77438955-A4AC-490F-93AC-FD25EC5E0F00}"
EndProject
Project("{9A19103F-16F7-4668-BE54-9A1E7A4F7556}") = "OnlineShop.Domain", "OnlineShop.Domain\OnlineShop.Domain.csproj", "{A5DD7ABA-2098-4CC6-8F53-17AF1F656C72}"
EndProject
Global
	GlobalSection(SolutionConfigurationPlatforms) = preSolution
		Debug|Any CPU = Debug|Any CPU
		Release|Any CPU = Release|Any CPU
	EndGlobalSection
	GlobalSection(ProjectConfigurationPlatforms) = postSolution
		{AEA6DC87-F669-4145-8B0C-847C25914745}.Debug|Any CPU.ActiveCfg = Debug|Any CPU
		{AEA6DC87-F669-4145-8B0C-847C25914745}.Debug|Any CPU.Build.0 = Debug|Any CPU
		{AEA6DC87-F669-4145-8B0C-847C25914745}.Release|Any CPU.ActiveCfg = Release|Any CPU
		{AEA6DC87-F669-4145-8B0C-847C25914745}.Release|Any CPU.Build.0 = Release|Any CPU
		{5D501D0B-FD62-4B7D-8893-65AAA82377F0}.Debug|Any CPU.ActiveCfg = Debug|Any CPU
		{5D501D0B-FD62-4B7D-8893-65AAA82377F0}.Debug|Any CPU.Build.0 = Debug|Any CPU
		{5D501D0B-FD62-4B7D-8893-65AAA82377F0}.Release|Any CPU.ActiveCfg = Release|Any CPU
		{5D501D0B-FD62-4B7D-8893-65AAA82377F0}.Release|Any CPU.Build.0 = Release|Any CPU
		{2C5A428B-A0EE-459E-BAC2-605D249EE516}.Debug|Any CPU.ActiveCfg = Debug|Any CPU
		{2C5A428B-A0EE-459E-BAC2-605D249EE516}.Debug|Any CPU.Build.0 = Debug|Any CPU
		{2C5A428B-A0EE-459E-BAC2-605D249EE516}.Release|Any CPU.ActiveCfg = Release|Any CPU
		{2C5A428B-A0EE-459E-BAC2-605D249EE516}.Release|Any CPU.Build.0 = Release|Any CPU
		{77438955-A4AC-490F-93AC-FD25EC5E0F00}.Debug|Any CPU.ActiveCfg = Debug|Any CPU
		{77438955-A4AC-490F-93AC-FD25EC5E0F00}.Debug|Any CPU.Build.0 = Debug|Any CPU
		{77438955-A4AC-490F-93AC-FD25EC5E0F00}.Release|Any CPU.ActiveCfg = Release|Any CPU
		{77438955-A4AC-490F-93AC-FD25EC5E0F00}.Release|Any CPU.Build.0 = Release|Any CPU
		{A5DD7ABA-2098-4CC6-8F53-17AF1F656C72}.Debug|Any CPU.ActiveCfg = Debug|Any CPU
		{A5DD7ABA-2098-4CC6-8F53-17AF1F656C72}.Debug|Any CPU.Build.0 = Debug|Any CPU
		{A5DD7ABA-2098-4CC6-8F53-17AF1F656C72}.Release|Any CPU.ActiveCfg = Release|Any CPU
		{A5DD7ABA-2098-4CC6-8F53-17AF1F656C72}.Release|Any CPU.Build.0 = Release|Any CPU
	EndGlobalSection
	GlobalSection(SolutionProperties) = preSolution
		HideSolutionNode = FALSE
	EndGlobalSection
	GlobalSection(ExtensibilityGlobals) = postSolution
		SolutionGuid = {43E6ED81-43CA-49E2-8ABD-DC51D4B28A67}
	EndGlobalSection
EndGlobal
